
Microsoft Visual Studio Solution File, Format Version 12.00
Project("{FAE04EC0-301F-11D3-BF4B-00C04F79EFBC}") = "BMICalculator", "BMICalculator\BMICalculator.csproj", "{E2450BD1-BF34-4AF5-A3A1-AEC267D3E950}"
EndProject
Global
	GlobalSection(SolutionConfigurationPlatforms) = preSolution
		Debug|Any CPU = Debug|Any CPU
		Release|Any CPU = Release|Any CPU
	EndGlobalSection
	GlobalSection(ProjectConfigurationPlatforms) = postSolution
		{E2450BD1-BF34-4AF5-A3A1-AEC267D3E950}.Debug|Any CPU.ActiveCfg = Debug|Any CPU
		{E2450BD1-BF34-4AF5-A3A1-AEC267D3E950}.Debug|Any CPU.Build.0 = Debug|Any CPU
		{E2450BD1-BF34-4AF5-A3A1-AEC267D3E950}.Release|Any CPU.ActiveCfg = Release|Any CPU
		{E2450BD1-BF34-4AF5-A3A1-AEC267D3E950}.Release|Any CPU.Build.0 = Release|Any CPU
	EndGlobalSection
EndGlobal
